
Microsoft Visual Studio Solution File, Format Version 12.00
# Visual Studio Version 17
VisualStudioVersion = 17.4.33213.308
MinimumVisualStudioVersion = 10.0.40219.1
Project("{9A19103F-16F7-4668-BE54-9A1E7A4F7556}") = "LogMe", "LogMe\LogMe.csproj", "{45B51540-D22D-4553-89C3-A56EA3AD0ADB}"
EndProject
Project("{9A19103F-16F7-4668-BE54-9A1E7A4F7556}") = "Tests", "Tests\Tests.csproj", "{B1E511B8-1D12-472E-B2EF-7DB8274CD385}"
EndProject
Global
	GlobalSection(SolutionConfigurationPlatforms) = preSolution
		Debug|Any CPU = Debug|Any CPU
		Release|Any CPU = Release|Any CPU
	EndGlobalSection
	GlobalSection(ProjectConfigurationPlatforms) = postSolution
		{45B51540-D22D-4553-89C3-A56EA3AD0ADB}.Debug|Any CPU.ActiveCfg = Debug|Any CPU
		{45B51540-D22D-4553-89C3-A56EA3AD0ADB}.Debug|Any CPU.Build.0 = Debug|Any CPU
		{45B51540-D22D-4553-89C3-A56EA3AD0ADB}.Release|Any CPU.ActiveCfg = Release|Any CPU
		{45B51540-D22D-4553-89C3-A56EA3AD0ADB}.Release|Any CPU.Build.0 = Release|Any CPU
		{45B51540-D22D-4553-89C3-A56EA3AD0ADB}.Release|Any CPU.Deploy.0 = Release|Any CPU
		{B1E511B8-1D12-472E-B2EF-7DB8274CD385}.Debug|Any CPU.ActiveCfg = Debug|Any CPU
		{B1E511B8-1D12-472E-B2EF-7DB8274CD385}.Debug|Any CPU.Build.0 = Debug|Any CPU
		{B1E511B8-1D12-472E-B2EF-7DB8274CD385}.Release|Any CPU.ActiveCfg = Release|Any CPU
	EndGlobalSection
	GlobalSection(SolutionProperties) = preSolution
		HideSolutionNode = FALSE
	EndGlobalSection
	GlobalSection(ExtensibilityGlobals) = postSolution
		SolutionGuid = {48B0DAFE-E4F8-43D7-875F-83A7893A729D}
	EndGlobalSection
EndGlobal
